// !$*UTF8*$!
{
	archiveVersion = 1;
	classes = {
	};
	objectVersion = 48;
	objects = {

/* Begin PBXBuildFile section */
		1D682C681FE074BE0090CEB0 /* ProductsTableViewController.swift in Sources */ = {isa = PBXBuildFile; fileRef = 1D682C671FE074BE0090CEB0 /* ProductsTableViewController.swift */; };
		1D682C6B1FE077160090CEB0 /* ProductCell.swift in Sources */ = {isa = PBXBuildFile; fileRef = 1D682C691FE077160090CEB0 /* ProductCell.swift */; };
		1D682C6C1FE077160090CEB0 /* ProductCell.xib in Resources */ = {isa = PBXBuildFile; fileRef = 1D682C6A1FE077160090CEB0 /* ProductCell.xib */; };
		90E297E91F9B36BD00193B1F /* AppDelegate.swift in Sources */ = {isa = PBXBuildFile; fileRef = 90E297E81F9B36BD00193B1F /* AppDelegate.swift */; };
		90E297EB1F9B36BD00193B1F /* ViewController.swift in Sources */ = {isa = PBXBuildFile; fileRef = 90E297EA1F9B36BD00193B1F /* ViewController.swift */; };
		90E297EE1F9B36BD00193B1F /* Main.storyboard in Resources */ = {isa = PBXBuildFile; fileRef = 90E297EC1F9B36BD00193B1F /* Main.storyboard */; };
		90E297F11F9B36BD00193B1F /* Northwind.xcdatamodeld in Sources */ = {isa = PBXBuildFile; fileRef = 90E297EF1F9B36BD00193B1F /* Northwind.xcdatamodeld */; };
		90E297F31F9B36BD00193B1F /* Assets.xcassets in Resources */ = {isa = PBXBuildFile; fileRef = 90E297F21F9B36BD00193B1F /* Assets.xcassets */; };
		90E297F61F9B36BD00193B1F /* LaunchScreen.storyboard in Resources */ = {isa = PBXBuildFile; fileRef = 90E297F41F9B36BD00193B1F /* LaunchScreen.storyboard */; };
/* End PBXBuildFile section */

/* Begin PBXFileReference section */
		1D682C671FE074BE0090CEB0 /* ProductsTableViewController.swift */ = {isa = PBXFileReference; lastKnownFileType = sourcecode.swift; path = ProductsTableViewController.swift; sourceTree = "<group>"; };
		1D682C691FE077160090CEB0 /* ProductCell.swift */ = {isa = PBXFileReference; lastKnownFileType = sourcecode.swift; path = ProductCell.swift; sourceTree = "<group>"; };
		1D682C6A1FE077160090CEB0 /* ProductCell.xib */ = {isa = PBXFileReference; lastKnownFileType = file.xib; path = ProductCell.xib; sourceTree = "<group>"; };
		90E297E51F9B36BD00193B1F /* Northwind.app */ = {isa = PBXFileReference; explicitFileType = wrapper.application; includeInIndex = 0; path = Northwind.app; sourceTree = BUILT_PRODUCTS_DIR; };
		90E297E81F9B36BD00193B1F /* AppDelegate.swift */ = {isa = PBXFileReference; lastKnownFileType = sourcecode.swift; path = AppDelegate.swift; sourceTree = "<group>"; };
		90E297EA1F9B36BD00193B1F /* ViewController.swift */ = {isa = PBXFileReference; lastKnownFileType = sourcecode.swift; path = ViewController.swift; sourceTree = "<group>"; };
		90E297ED1F9B36BD00193B1F /* Base */ = {isa = PBXFileReference; lastKnownFileType = file.storyboard; name = Base; path = Base.lproj/Main.storyboard; sourceTree = "<group>"; };
		90E297F01F9B36BD00193B1F /* Northwind.xcdatamodel */ = {isa = PBXFileReference; lastKnownFileType = wrapper.xcdatamodel; path = Northwind.xcdatamodel; sourceTree = "<group>"; };
		90E297F21F9B36BD00193B1F /* Assets.xcassets */ = {isa = PBXFileReference; lastKnownFileType = folder.assetcatalog; path = Assets.xcassets; sourceTree = "<group>"; };
		90E297F51F9B36BD00193B1F /* Base */ = {isa = PBXFileReference; lastKnownFileType = file.storyboard; name = Base; path = Base.lproj/LaunchScreen.storyboard; sourceTree = "<group>"; };
		90E297F71F9B36BD00193B1F /* Info.plist */ = {isa = PBXFileReference; lastKnownFileType = text.plist.xml; path = Info.plist; sourceTree = "<group>"; };
/* End PBXFileReference section */

/* Begin PBXFrameworksBuildPhase section */
		90E297E21F9B36BD00193B1F /* Frameworks */ = {
			isa = PBXFrameworksBuildPhase;
			buildActionMask = 2147483647;
			files = (
			);
			runOnlyForDeploymentPostprocessing = 0;
		};
/* End PBXFrameworksBuildPhase section */

/* Begin PBXGroup section */
		90E297DC1F9B36BC00193B1F = {
			isa = PBXGroup;
			children = (
				90E297E71F9B36BD00193B1F /* Northwind */,
				90E297E61F9B36BD00193B1F /* Products */,
			);
			sourceTree = "<group>";
		};
		90E297E61F9B36BD00193B1F /* Products */ = {
			isa = PBXGroup;
			children = (
				90E297E51F9B36BD00193B1F /* Northwind.app */,
			);
			name = Products;
			sourceTree = "<group>";
		};
		90E297E71F9B36BD00193B1F /* Northwind */ = {
			isa = PBXGroup;
			children = (
				90E297E81F9B36BD00193B1F /* AppDelegate.swift */,
				90E297EA1F9B36BD00193B1F /* ViewController.swift */,
				1D682C671FE074BE0090CEB0 /* ProductsTableViewController.swift */,
				1D682C691FE077160090CEB0 /* ProductCell.swift */,
				1D682C6A1FE077160090CEB0 /* ProductCell.xib */,
				90E297EC1F9B36BD00193B1F /* Main.storyboard */,
				90E297F21F9B36BD00193B1F /* Assets.xcassets */,
				90E297F41F9B36BD00193B1F /* LaunchScreen.storyboard */,
				90E297F71F9B36BD00193B1F /* Info.plist */,
				90E297EF1F9B36BD00193B1F /* Northwind.xcdatamodeld */,
			);
			path = Northwind;
			sourceTree = "<group>";
		};
/* End PBXGroup section */

/* Begin PBXNativeTarget section */
		90E297E41F9B36BD00193B1F /* Northwind */ = {
			isa = PBXNativeTarget;
			buildConfigurationList = 90E297FA1F9B36BD00193B1F /* Build configuration list for PBXNativeTarget "Northwind" */;
			buildPhases = (
				90E297E11F9B36BD00193B1F /* Sources */,
				90E297E21F9B36BD00193B1F /* Frameworks */,
				90E297E31F9B36BD00193B1F /* Resources */,
			);
			buildRules = (
			);
			dependencies = (
			);
			name = Northwind;
			productName = Northwind;
			productReference = 90E297E51F9B36BD00193B1F /* Northwind.app */;
			productType = "com.apple.product-type.application";
		};
/* End PBXNativeTarget section */

/* Begin PBXProject section */
		90E297DD1F9B36BC00193B1F /* Project object */ = {
			isa = PBXProject;
			attributes = {
				LastSwiftUpdateCheck = 0900;
				LastUpgradeCheck = 0900;
				TargetAttributes = {
					90E297E41F9B36BD00193B1F = {
						CreatedOnToolsVersion = 9.0;
						ProvisioningStyle = Automatic;
					};
				};
			};
			buildConfigurationList = 90E297E01F9B36BD00193B1F /* Build configuration list for PBXProject "Northwind" */;
			compatibilityVersion = "Xcode 8.0";
			developmentRegion = en;
			hasScannedForEncodings = 0;
			knownRegions = (
				en,
				Base,
			);
			mainGroup = 90E297DC1F9B36BC00193B1F;
			productRefGroup = 90E297E61F9B36BD00193B1F /* Products */;
			projectDirPath = "";
			projectRoot = "";
			targets = (
				90E297E41F9B36BD00193B1F /* Northwind */,
			);
		};
/* End PBXProject section */

/* Begin PBXResourcesBuildPhase section */
		90E297E31F9B36BD00193B1F /* Resources */ = {
			isa = PBXResourcesBuildPhase;
			buildActionMask = 2147483647;
			files = (
				90E297F61F9B36BD00193B1F /* LaunchScreen.storyboard in Resources */,
				1D682C6C1FE077160090CEB0 /* ProductCell.xib in Resources */,
				90E297F31F9B36BD00193B1F /* Assets.xcassets in Resources */,
				90E297EE1F9B36BD00193B1F /* Main.storyboard in Resources */,
			);
			runOnlyForDeploymentPostprocessing = 0;
		};
/* End PBXResourcesBuildPhase section */

/* Begin PBXSourcesBuildPhase section */
		90E297E11F9B36BD00193B1F /* Sources */ = {
			isa = PBXSourcesBuildPhase;
			buildActionMask = 2147483647;
			files = (
				90E297EB1F9B36BD00193B1F /* ViewController.swift in Sources */,
				1D682C681FE074BE0090CEB0 /* ProductsTableViewController.swift in Sources */,
				1D682C6B1FE077160090CEB0 /* ProductCell.swift in Sources */,
				90E297E91F9B36BD00193B1F /* AppDelegate.swift in Sources */,
				90E297F11F9B36BD00193B1F /* Northwind.xcdatamodeld in Sources */,
			);
			runOnlyForDeploymentPostprocessing = 0;
		};
/* End PBXSourcesBuildPhase section */

/* Begin PBXVariantGroup section */
		90E297EC1F9B36BD00193B1F /* Main.storyboard */ = {
			isa = PBXVariantGroup;
			children = (
				90E297ED1F9B36BD00193B1F /* Base */,
			);
			name = Main.storyboard;
			sourceTree = "<group>";
		};
		90E297F41F9B36BD00193B1F /* LaunchScreen.storyboard */ = {
			isa = PBXVariantGroup;
			children = (
				90E297F51F9B36BD00193B1F /* Base */,
			);
			name = LaunchScreen.storyboard;
			sourceTree = "<group>";
		};
/* End PBXVariantGroup section */

/* Begin XCBuildConfiguration section */
		90E297F81F9B36BD00193B1F /* Debug */ = {
			isa = XCBuildConfiguration;
			buildSettings = {
				ALWAYS_SEARCH_USER_PATHS = NO;
				CLANG_ANALYZER_NONNULL = YES;
				CLANG_ANALYZER_NUMBER_OBJECT_CONVERSION = YES_AGGRESSIVE;
				CLANG_CXX_LANGUAGE_STANDARD = "gnu++14";
				CLANG_CXX_LIBRARY = "libc++";
				CLANG_ENABLE_MODULES = YES;
				CLANG_ENABLE_OBJC_ARC = YES;
				CLANG_WARN_BLOCK_CAPTURE_AUTORELEASING = YES;
				CLANG_WARN_BOOL_CONVERSION = YES;
				CLANG_WARN_COMMA = YES;
				CLANG_WARN_CONSTANT_CONVERSION = YES;
				CLANG_WARN_DIRECT_OBJC_ISA_USAGE = YES_ERROR;
				CLANG_WARN_DOCUMENTATION_COMMENTS = YES;
				CLANG_WARN_EMPTY_BODY = YES;
				CLANG_WARN_ENUM_CONVERSION = YES;
				CLANG_WARN_INFINITE_RECURSION = YES;
				CLANG_WARN_INT_CONVERSION = YES;
				CLANG_WARN_NON_LITERAL_NULL_CONVERSION = YES;
				CLANG_WARN_OBJC_LITERAL_CONVERSION = YES;
				CLANG_WARN_OBJC_ROOT_CLASS = YES_ERROR;
				CLANG_WARN_RANGE_LOOP_ANALYSIS = YES;
				CLANG_WARN_STRICT_PROTOTYPES = YES;
				CLANG_WARN_SUSPICIOUS_MOVE = YES;
				CLANG_WARN_UNGUARDED_AVAILABILITY = YES_AGGRESSIVE;
				CLANG_WARN_UNREACHABLE_CODE = YES;
				CLANG_WARN__DUPLICATE_METHOD_MATCH = YES;
				CODE_SIGN_IDENTITY = "iPhone Developer";
				COPY_PHASE_STRIP = NO;
				DEBUG_INFORMATION_FORMAT = dwarf;
				ENABLE_STRICT_OBJC_MSGSEND = YES;
				ENABLE_TESTABILITY = YES;
				GCC_C_LANGUAGE_STANDARD = gnu11;
				GCC_DYNAMIC_NO_PIC = NO;
				GCC_NO_COMMON_BLOCKS = YES;
				GCC_OPTIMIZATION_LEVEL = 0;
				GCC_PREPROCESSOR_DEFINITIONS = (
					"DEBUG=1",
					"$(inherited)",
				);
				GCC_WARN_64_TO_32_BIT_CONVERSION = YES;
				GCC_WARN_ABOUT_RETURN_TYPE = YES_ERROR;
				GCC_WARN_UNDECLARED_SELECTOR = YES;
				GCC_WARN_UNINITIALIZED_AUTOS = YES_AGGRESSIVE;
				GCC_WARN_UNUSED_FUNCTION = YES;
				GCC_WARN_UNUSED_VARIABLE = YES;
				IPHONEOS_DEPLOYMENT_TARGET = 11.0;
				MTL_ENABLE_DEBUG_INFO = YES;
				ONLY_ACTIVE_ARCH = YES;
				SDKROOT = iphoneos;
				SWIFT_ACTIVE_COMPILATION_CONDITIONS = DEBUG;
				SWIFT_OPTIMIZATION_LEVEL = "-Onone";
			};
			name = Debug;
		};
		90E297F91F9B36BD00193B1F /* Release */ = {
			isa = XCBuildConfiguration;
			buildSettings = {
				ALWAYS_SEARCH_USER_PATHS = NO;
				CLANG_ANALYZER_NONNULL = YES;
				CLANG_ANALYZER_NUMBER_OBJECT_CONVERSION = YES_AGGRESSIVE;
				CLANG_CXX_LANGUAGE_STANDARD = "gnu++14";
				CLANG_CXX_LIBRARY = "libc++";
				CLANG_ENABLE_MODULES = YES;
				CLANG_ENABLE_OBJC_ARC = YES;
				CLANG_WARN_BLOCK_CAPTURE_AUTORELEASING = YES;
				CLANG_WARN_BOOL_CONVERSION = YES;
				CLANG_WARN_COMMA = YES;
				CLANG_WARN_CONSTANT_CONVERSION = YES;
				CLANG_WARN_DIRECT_OBJC_ISA_USAGE = YES_ERROR;
				CLANG_WARN_DOCUMENTATION_COMMENTS = YES;
				CLANG_WARN_EMPTY_BODY = YES;
				CLANG_WARN_ENUM_CONVERSION = YES;
				CLANG_WARN_INFINITE_RECURSION = YES;
				CLANG_WARN_INT_CONVERSION = YES;
				CLANG_WARN_NON_LITERAL_NULL_CONVERSION = YES;
				CLANG_WARN_OBJC_LITERAL_CONVERSION = YES;
				CLANG_WARN_OBJC_ROOT_CLASS = YES_ERROR;
				CLANG_WARN_RANGE_LOOP_ANALYSIS = YES;
				CLANG_WARN_STRICT_PROTOTYPES = YES;
				CLANG_WARN_SUSPICIOUS_MOVE = YES;
				CLANG_WARN_UNGUARDED_AVAILABILITY = YES_AGGRESSIVE;
				CLANG_WARN_UNREACHABLE_CODE = YES;
				CLANG_WARN__DUPLICATE_METHOD_MATCH = YES;
				CODE_SIGN_IDENTITY = "iPhone Developer";
				COPY_PHASE_STRIP = NO;
				DEBUG_INFORMATION_FORMAT = "dwarf-with-dsym";
				ENABLE_NS_ASSERTIONS = NO;
				ENABLE_STRICT_OBJC_MSGSEND = YES;
				GCC_C_LANGUAGE_STANDARD = gnu11;
				GCC_NO_COMMON_BLOCKS = YES;
				GCC_WARN_64_TO_32_BIT_CONVERSION = YES;
				GCC_WARN_ABOUT_RETURN_TYPE = YES_ERROR;
				GCC_WARN_UNDECLARED_SELECTOR = YES;
				GCC_WARN_UNINITIALIZED_AUTOS = YES_AGGRESSIVE;
				GCC_WARN_UNUSED_FUNCTION = YES;
				GCC_WARN_UNUSED_VARIABLE = YES;
				IPHONEOS_DEPLOYMENT_TARGET = 11.0;
				MTL_ENABLE_DEBUG_INFO = NO;
				SDKROOT = iphoneos;
				SWIFT_OPTIMIZATION_LEVEL = "-Owholemodule";
				VALIDATE_PRODUCT = YES;
			};
			name = Release;
		};
		90E297FB1F9B36BD00193B1F /* Debug */ = {
			isa = XCBuildConfiguration;
			buildSettings = {
				ASSETCATALOG_COMPILER_APPICON_NAME = AppIcon;
				CODE_SIGN_STYLE = Automatic;
				INFOPLIST_FILE = Northwind/Info.plist;
				LD_RUNPATH_SEARCH_PATHS = "$(inherited) @executable_path/Frameworks";
				PRODUCT_BUNDLE_IDENTIFIER = com.folley.Northwind;
				PRODUCT_NAME = "$(TARGET_NAME)";
				SWIFT_VERSION = 4.0;
				TARGETED_DEVICE_FAMILY = "1,2";
			};
			name = Debug;
		};
		90E297FC1F9B36BD00193B1F /* Release */ = {
			isa = XCBuildConfiguration;
			buildSettings = {
				ASSETCATALOG_COMPILER_APPICON_NAME = AppIcon;
				CODE_SIGN_STYLE = Automatic;
				INFOPLIST_FILE = Northwind/Info.plist;
				LD_RUNPATH_SEARCH_PATHS = "$(inherited) @executable_path/Frameworks";
				PRODUCT_BUNDLE_IDENTIFIER = com.folley.Northwind;
				PRODUCT_NAME = "$(TARGET_NAME)";
				SWIFT_VERSION = 4.0;
				TARGETED_DEVICE_FAMILY = "1,2";
			};
			name = Release;
		};
/* End XCBuildConfiguration section */

/* Begin XCConfigurationList section */
		90E297E01F9B36BD00193B1F /* Build configuration list for PBXProject "Northwind" */ = {
			isa = XCConfigurationList;
			buildConfigurations = (
				90E297F81F9B36BD00193B1F /* Debug */,
				90E297F91F9B36BD00193B1F /* Release */,
			);
			defaultConfigurationIsVisible = 0;
			defaultConfigurationName = Release;
		};
		90E297FA1F9B36BD00193B1F /* Build configuration list for PBXNativeTarget "Northwind" */ = {
			isa = XCConfigurationList;
			buildConfigurations = (
				90E297FB1F9B36BD00193B1F /* Debug */,
				90E297FC1F9B36BD00193B1F /* Release */,
			);
			defaultConfigurationIsVisible = 0;
			defaultConfigurationName = Release;
		};
/* End XCConfigurationList section */

/* Begin XCVersionGroup section */
		90E297EF1F9B36BD00193B1F /* Northwind.xcdatamodeld */ = {
			isa = XCVersionGroup;
			children = (
				90E297F01F9B36BD00193B1F /* Northwind.xcdatamodel */,
			);
			currentVersion = 90E297F01F9B36BD00193B1F /* Northwind.xcdatamodel */;
			path = Northwind.xcdatamodeld;
			sourceTree = "<group>";
			versionGroupType = wrapper.xcdatamodel;
		};
/* End XCVersionGroup section */
	};
	rootObject = 90E297DD1F9B36BC00193B1F /* Project object */;
}
