// !$*UTF8*$!
{
	archiveVersion = 1;
	classes = {
	};
	objectVersion = 48;
	objects = {

/* Begin PBXBuildFile section */
		1D3AD73E1FE1DFD1005F6DE3 /* Product.swift in Sources */ = {isa = PBXBuildFile; fileRef = 1D3AD73C1FE1DFD1005F6DE3 /* Product.swift */; };
		1D3AD73F1FE1DFD1005F6DE3 /* Product+CoreDataProperties.swift in Sources */ = {isa = PBXBuildFile; fileRef = 1D3AD73D1FE1DFD1005F6DE3 /* Product+CoreDataProperties.swift */; };
		1D682C681FE074BE0090CEB0 /* ObjectsListViewController.swift in Sources */ = {isa = PBXBuildFile; fileRef = 1D682C671FE074BE0090CEB0 /* ObjectsListViewController.swift */; };
		1D682C6B1FE077160090CEB0 /* ProductCell.swift in Sources */ = {isa = PBXBuildFile; fileRef = 1D682C691FE077160090CEB0 /* ProductCell.swift */; };
		1D682C6C1FE077160090CEB0 /* ProductCell.xib in Resources */ = {isa = PBXBuildFile; fileRef = 1D682C6A1FE077160090CEB0 /* ProductCell.xib */; };
		1D682C761FE08F5C0090CEB0 /* ProductDetailsVC.swift in Sources */ = {isa = PBXBuildFile; fileRef = 1D682C751FE08F5C0090CEB0 /* ProductDetailsVC.swift */; };
		1DF22A781FE4800000A12744 /* CategoriesTableViewController.swift in Sources */ = {isa = PBXBuildFile; fileRef = 1DF22A771FE4800000A12744 /* CategoriesTableViewController.swift */; };
		1DF22A801FE4806800A12744 /* Category.swift in Sources */ = {isa = PBXBuildFile; fileRef = 1DF22A7E1FE4806800A12744 /* Category.swift */; };
		1DF22A811FE4806800A12744 /* Category+CoreDataProperties.swift in Sources */ = {isa = PBXBuildFile; fileRef = 1DF22A7F1FE4806800A12744 /* Category+CoreDataProperties.swift */; };
		1DF22A831FE52F2700A12744 /* CategoryDetailsVC.swift in Sources */ = {isa = PBXBuildFile; fileRef = 1DF22A821FE52F2700A12744 /* CategoryDetailsVC.swift */; };
		900447B8200E9B29008AE70F /* TypesListViewController.swift in Sources */ = {isa = PBXBuildFile; fileRef = 900447B7200E9B29008AE70F /* TypesListViewController.swift */; };
		900447BA200EB0F2008AE70F /* Importer.swift in Sources */ = {isa = PBXBuildFile; fileRef = 900447B9200EB0F2008AE70F /* Importer.swift */; };
		900447C7200EB130008AE70F /* order-details.csv in Resources */ = {isa = PBXBuildFile; fileRef = 900447BC200EB12F008AE70F /* order-details.csv */; };
		900447C8200EB130008AE70F /* customers.csv in Resources */ = {isa = PBXBuildFile; fileRef = 900447BD200EB12F008AE70F /* customers.csv */; };
		900447C9200EB130008AE70F /* categories.csv in Resources */ = {isa = PBXBuildFile; fileRef = 900447BE200EB12F008AE70F /* categories.csv */; };
		900447CA200EB130008AE70F /* regions.csv in Resources */ = {isa = PBXBuildFile; fileRef = 900447BF200EB12F008AE70F /* regions.csv */; };
		900447CB200EB130008AE70F /* products.csv in Resources */ = {isa = PBXBuildFile; fileRef = 900447C0200EB12F008AE70F /* products.csv */; };
		900447CC200EB130008AE70F /* orders.csv in Resources */ = {isa = PBXBuildFile; fileRef = 900447C1200EB12F008AE70F /* orders.csv */; };
		900447CD200EB130008AE70F /* suppliers.csv in Resources */ = {isa = PBXBuildFile; fileRef = 900447C2200EB12F008AE70F /* suppliers.csv */; };
		900447CE200EB130008AE70F /* employee-territories.csv in Resources */ = {isa = PBXBuildFile; fileRef = 900447C3200EB12F008AE70F /* employee-territories.csv */; };
		900447CF200EB130008AE70F /* shippers.csv in Resources */ = {isa = PBXBuildFile; fileRef = 900447C4200EB12F008AE70F /* shippers.csv */; };
		900447D0200EB130008AE70F /* territories.csv in Resources */ = {isa = PBXBuildFile; fileRef = 900447C5200EB12F008AE70F /* territories.csv */; };
		900447D1200EB130008AE70F /* employees.csv in Resources */ = {isa = PBXBuildFile; fileRef = 900447C6200EB12F008AE70F /* employees.csv */; };
		900447D9200EBAB4008AE70F /* NWObject+CoreDataClass.swift in Sources */ = {isa = PBXBuildFile; fileRef = 900447D7200EBAB4008AE70F /* NWObject+CoreDataClass.swift */; };
		900447DA200EBAB4008AE70F /* NWObject+CoreDataProperties.swift in Sources */ = {isa = PBXBuildFile; fileRef = 900447D8200EBAB4008AE70F /* NWObject+CoreDataProperties.swift */; };
		900EE0B62000D208002E0443 /* Employee+CoreDataProperties.swift in Sources */ = {isa = PBXBuildFile; fileRef = 900EE0AE2000D208002E0443 /* Employee+CoreDataProperties.swift */; };
		900EE0B72000D208002E0443 /* Employee+CoreDataClass.swift in Sources */ = {isa = PBXBuildFile; fileRef = 900EE0AF2000D208002E0443 /* Employee+CoreDataClass.swift */; };
		900EE0C22000D2F3002E0443 /* CustomerDemographic+CoreDataClass.swift in Sources */ = {isa = PBXBuildFile; fileRef = 900EE0BD2000D2F2002E0443 /* CustomerDemographic+CoreDataClass.swift */; };
		900EE0C32000D2F3002E0443 /* CustomerDemographic+CoreDataProperties.swift in Sources */ = {isa = PBXBuildFile; fileRef = 900EE0BE2000D2F2002E0443 /* CustomerDemographic+CoreDataProperties.swift */; };
		900EE0C42000D2F3002E0443 /* Customer+CoreDataClass.swift in Sources */ = {isa = PBXBuildFile; fileRef = 900EE0C02000D2F2002E0443 /* Customer+CoreDataClass.swift */; };
		900EE0C52000D2F3002E0443 /* Customer+CoreDataProperties.swift in Sources */ = {isa = PBXBuildFile; fileRef = 900EE0C12000D2F2002E0443 /* Customer+CoreDataProperties.swift */; };
		900EE0D82000D304002E0443 /* Supplier+CoreDataClass.swift in Sources */ = {isa = PBXBuildFile; fileRef = 900EE0C72000D303002E0443 /* Supplier+CoreDataClass.swift */; };
		900EE0D92000D304002E0443 /* Supplier+CoreDataProperties.swift in Sources */ = {isa = PBXBuildFile; fileRef = 900EE0C82000D303002E0443 /* Supplier+CoreDataProperties.swift */; };
		900EE0DA2000D304002E0443 /* OrderDetails+CoreDataProperties.swift in Sources */ = {isa = PBXBuildFile; fileRef = 900EE0CA2000D303002E0443 /* OrderDetails+CoreDataProperties.swift */; };
		900EE0DB2000D304002E0443 /* OrderDetails+CoreDataClass.swift in Sources */ = {isa = PBXBuildFile; fileRef = 900EE0CB2000D303002E0443 /* OrderDetails+CoreDataClass.swift */; };
		900EE0DC2000D304002E0443 /* Order+CoreDataProperties.swift in Sources */ = {isa = PBXBuildFile; fileRef = 900EE0CD2000D303002E0443 /* Order+CoreDataProperties.swift */; };
		900EE0DD2000D304002E0443 /* Order+CoreDataClass.swift in Sources */ = {isa = PBXBuildFile; fileRef = 900EE0CE2000D303002E0443 /* Order+CoreDataClass.swift */; };
		900EE0DE2000D304002E0443 /* Shipper+CoreDataClass.swift in Sources */ = {isa = PBXBuildFile; fileRef = 900EE0D02000D303002E0443 /* Shipper+CoreDataClass.swift */; };
		900EE0DF2000D304002E0443 /* Shipper+CoreDataProperties.swift in Sources */ = {isa = PBXBuildFile; fileRef = 900EE0D12000D303002E0443 /* Shipper+CoreDataProperties.swift */; };
		900EE0E02000D304002E0443 /* Region+CoreDataProperties.swift in Sources */ = {isa = PBXBuildFile; fileRef = 900EE0D32000D304002E0443 /* Region+CoreDataProperties.swift */; };
		900EE0E12000D304002E0443 /* Region+CoreDataClass.swift in Sources */ = {isa = PBXBuildFile; fileRef = 900EE0D42000D304002E0443 /* Region+CoreDataClass.swift */; };
		900EE0E22000D304002E0443 /* Territory+CoreDataProperties.swift in Sources */ = {isa = PBXBuildFile; fileRef = 900EE0D62000D304002E0443 /* Territory+CoreDataProperties.swift */; };
		900EE0E32000D304002E0443 /* Territory+CoreDataClass.swift in Sources */ = {isa = PBXBuildFile; fileRef = 900EE0D72000D304002E0443 /* Territory+CoreDataClass.swift */; };
		900EE0E52000D851002E0443 /* ItemEditViewController.swift in Sources */ = {isa = PBXBuildFile; fileRef = 900EE0E42000D851002E0443 /* ItemEditViewController.swift */; };
		900EE0E82001025F002E0443 /* TextEditTableViewCell.swift in Sources */ = {isa = PBXBuildFile; fileRef = 900EE0E62001025F002E0443 /* TextEditTableViewCell.swift */; };
		900EE0E92001025F002E0443 /* TextEditTableViewCell.xib in Resources */ = {isa = PBXBuildFile; fileRef = 900EE0E72001025F002E0443 /* TextEditTableViewCell.xib */; };
		900EE0ED20010ED7002E0443 /* SingleRelationshipTableViewCell.swift in Sources */ = {isa = PBXBuildFile; fileRef = 900EE0EB20010ED7002E0443 /* SingleRelationshipTableViewCell.swift */; };
		900EE0EE20010ED7002E0443 /* SingleRelationshipTableViewCell.xib in Resources */ = {isa = PBXBuildFile; fileRef = 900EE0EC20010ED7002E0443 /* SingleRelationshipTableViewCell.xib */; };
		9048D6A220022D4600089E01 /* BoolEditTableViewCell.swift in Sources */ = {isa = PBXBuildFile; fileRef = 9048D6A020022D4600089E01 /* BoolEditTableViewCell.swift */; };
		9048D6A320022D4600089E01 /* BoolEditTableViewCell.xib in Resources */ = {isa = PBXBuildFile; fileRef = 9048D6A120022D4600089E01 /* BoolEditTableViewCell.xib */; };
		9048D6A620022EEE00089E01 /* NumberEditTableViewCell.swift in Sources */ = {isa = PBXBuildFile; fileRef = 9048D6A420022EEE00089E01 /* NumberEditTableViewCell.swift */; };
		9048D6A720022EEE00089E01 /* NumberEditTableViewCell.xib in Resources */ = {isa = PBXBuildFile; fileRef = 9048D6A520022EEE00089E01 /* NumberEditTableViewCell.xib */; };
		909BE2392011387500012D28 /* PhotoTableViewCell.swift in Sources */ = {isa = PBXBuildFile; fileRef = 909BE2372011387500012D28 /* PhotoTableViewCell.swift */; };
		909BE23A2011387500012D28 /* PhotoTableViewCell.xib in Resources */ = {isa = PBXBuildFile; fileRef = 909BE2382011387500012D28 /* PhotoTableViewCell.xib */; };
		909BE23C2011545400012D28 /* UIFont+Defined.swift in Sources */ = {isa = PBXBuildFile; fileRef = 909BE23B2011545400012D28 /* UIFont+Defined.swift */; };
		90E297E91F9B36BD00193B1F /* AppDelegate.swift in Sources */ = {isa = PBXBuildFile; fileRef = 90E297E81F9B36BD00193B1F /* AppDelegate.swift */; };
		90E297EB1F9B36BD00193B1F /* ViewController.swift in Sources */ = {isa = PBXBuildFile; fileRef = 90E297EA1F9B36BD00193B1F /* ViewController.swift */; };
		90E297EE1F9B36BD00193B1F /* Main.storyboard in Resources */ = {isa = PBXBuildFile; fileRef = 90E297EC1F9B36BD00193B1F /* Main.storyboard */; };
		90E297F11F9B36BD00193B1F /* Northwind.xcdatamodeld in Sources */ = {isa = PBXBuildFile; fileRef = 90E297EF1F9B36BD00193B1F /* Northwind.xcdatamodeld */; };
		90E297F31F9B36BD00193B1F /* Assets.xcassets in Resources */ = {isa = PBXBuildFile; fileRef = 90E297F21F9B36BD00193B1F /* Assets.xcassets */; };
		90E297F61F9B36BD00193B1F /* LaunchScreen.storyboard in Resources */ = {isa = PBXBuildFile; fileRef = 90E297F41F9B36BD00193B1F /* LaunchScreen.storyboard */; };
		90E89C862000CB23002F10BE /* UIStoryboard+Utils.swift in Sources */ = {isa = PBXBuildFile; fileRef = 90E89C852000CB23002F10BE /* UIStoryboard+Utils.swift */; };
		90E89C892000CB9B002F10BE /* Protocols.swift in Sources */ = {isa = PBXBuildFile; fileRef = 90E89C882000CB9B002F10BE /* Protocols.swift */; };
		90F51D211FE47536003AC266 /* ObjectPickerViewController.swift in Sources */ = {isa = PBXBuildFile; fileRef = 90F51D201FE47536003AC266 /* ObjectPickerViewController.swift */; };
/* End PBXBuildFile section */

/* Begin PBXFileReference section */
		1D3AD73C1FE1DFD1005F6DE3 /* Product.swift */ = {isa = PBXFileReference; lastKnownFileType = sourcecode.swift; path = Product.swift; sourceTree = "<group>"; };
		1D3AD73D1FE1DFD1005F6DE3 /* Product+CoreDataProperties.swift */ = {isa = PBXFileReference; lastKnownFileType = sourcecode.swift; path = "Product+CoreDataProperties.swift"; sourceTree = "<group>"; };
		1D682C671FE074BE0090CEB0 /* ObjectsListViewController.swift */ = {isa = PBXFileReference; lastKnownFileType = sourcecode.swift; path = ObjectsListViewController.swift; sourceTree = "<group>"; };
		1D682C691FE077160090CEB0 /* ProductCell.swift */ = {isa = PBXFileReference; lastKnownFileType = sourcecode.swift; path = ProductCell.swift; sourceTree = "<group>"; };
		1D682C6A1FE077160090CEB0 /* ProductCell.xib */ = {isa = PBXFileReference; lastKnownFileType = file.xib; path = ProductCell.xib; sourceTree = "<group>"; };
		1D682C751FE08F5C0090CEB0 /* ProductDetailsVC.swift */ = {isa = PBXFileReference; lastKnownFileType = sourcecode.swift; path = ProductDetailsVC.swift; sourceTree = "<group>"; };
		1DF22A771FE4800000A12744 /* CategoriesTableViewController.swift */ = {isa = PBXFileReference; lastKnownFileType = sourcecode.swift; path = CategoriesTableViewController.swift; sourceTree = "<group>"; };
		1DF22A7E1FE4806800A12744 /* Category.swift */ = {isa = PBXFileReference; lastKnownFileType = sourcecode.swift; path = Category.swift; sourceTree = "<group>"; };
		1DF22A7F1FE4806800A12744 /* Category+CoreDataProperties.swift */ = {isa = PBXFileReference; lastKnownFileType = sourcecode.swift; path = "Category+CoreDataProperties.swift"; sourceTree = "<group>"; };
		1DF22A821FE52F2700A12744 /* CategoryDetailsVC.swift */ = {isa = PBXFileReference; lastKnownFileType = sourcecode.swift; path = CategoryDetailsVC.swift; sourceTree = "<group>"; };
		900447B7200E9B29008AE70F /* TypesListViewController.swift */ = {isa = PBXFileReference; lastKnownFileType = sourcecode.swift; path = TypesListViewController.swift; sourceTree = "<group>"; };
		900447B9200EB0F2008AE70F /* Importer.swift */ = {isa = PBXFileReference; lastKnownFileType = sourcecode.swift; path = Importer.swift; sourceTree = "<group>"; };
		900447BC200EB12F008AE70F /* order-details.csv */ = {isa = PBXFileReference; fileEncoding = 4; lastKnownFileType = text; path = "order-details.csv"; sourceTree = "<group>"; };
		900447BD200EB12F008AE70F /* customers.csv */ = {isa = PBXFileReference; fileEncoding = 4; lastKnownFileType = text; path = customers.csv; sourceTree = "<group>"; };
		900447BE200EB12F008AE70F /* categories.csv */ = {isa = PBXFileReference; fileEncoding = 4; lastKnownFileType = text; path = categories.csv; sourceTree = "<group>"; };
		900447BF200EB12F008AE70F /* regions.csv */ = {isa = PBXFileReference; fileEncoding = 4; lastKnownFileType = text; path = regions.csv; sourceTree = "<group>"; };
		900447C0200EB12F008AE70F /* products.csv */ = {isa = PBXFileReference; fileEncoding = 4; lastKnownFileType = text; path = products.csv; sourceTree = "<group>"; };
		900447C1200EB12F008AE70F /* orders.csv */ = {isa = PBXFileReference; fileEncoding = 4; lastKnownFileType = text; path = orders.csv; sourceTree = "<group>"; };
		900447C2200EB12F008AE70F /* suppliers.csv */ = {isa = PBXFileReference; fileEncoding = 4; lastKnownFileType = text; path = suppliers.csv; sourceTree = "<group>"; };
		900447C3200EB12F008AE70F /* employee-territories.csv */ = {isa = PBXFileReference; fileEncoding = 4; lastKnownFileType = text; path = "employee-territories.csv"; sourceTree = "<group>"; };
		900447C4200EB12F008AE70F /* shippers.csv */ = {isa = PBXFileReference; fileEncoding = 4; lastKnownFileType = text; path = shippers.csv; sourceTree = "<group>"; };
		900447C5200EB12F008AE70F /* territories.csv */ = {isa = PBXFileReference; fileEncoding = 4; lastKnownFileType = text; path = territories.csv; sourceTree = "<group>"; };
		900447C6200EB12F008AE70F /* employees.csv */ = {isa = PBXFileReference; fileEncoding = 4; lastKnownFileType = text; path = employees.csv; sourceTree = "<group>"; };
		900447D7200EBAB4008AE70F /* NWObject+CoreDataClass.swift */ = {isa = PBXFileReference; lastKnownFileType = sourcecode.swift; path = "NWObject+CoreDataClass.swift"; sourceTree = "<group>"; };
		900447D8200EBAB4008AE70F /* NWObject+CoreDataProperties.swift */ = {isa = PBXFileReference; lastKnownFileType = sourcecode.swift; path = "NWObject+CoreDataProperties.swift"; sourceTree = "<group>"; };
		900EE0AE2000D208002E0443 /* Employee+CoreDataProperties.swift */ = {isa = PBXFileReference; fileEncoding = 4; lastKnownFileType = sourcecode.swift; path = "Employee+CoreDataProperties.swift"; sourceTree = "<group>"; };
		900EE0AF2000D208002E0443 /* Employee+CoreDataClass.swift */ = {isa = PBXFileReference; fileEncoding = 4; lastKnownFileType = sourcecode.swift; path = "Employee+CoreDataClass.swift"; sourceTree = "<group>"; };
		900EE0BD2000D2F2002E0443 /* CustomerDemographic+CoreDataClass.swift */ = {isa = PBXFileReference; fileEncoding = 4; lastKnownFileType = sourcecode.swift; path = "CustomerDemographic+CoreDataClass.swift"; sourceTree = "<group>"; };
		900EE0BE2000D2F2002E0443 /* CustomerDemographic+CoreDataProperties.swift */ = {isa = PBXFileReference; fileEncoding = 4; lastKnownFileType = sourcecode.swift; path = "CustomerDemographic+CoreDataProperties.swift"; sourceTree = "<group>"; };
		900EE0C02000D2F2002E0443 /* Customer+CoreDataClass.swift */ = {isa = PBXFileReference; fileEncoding = 4; lastKnownFileType = sourcecode.swift; path = "Customer+CoreDataClass.swift"; sourceTree = "<group>"; };
		900EE0C12000D2F2002E0443 /* Customer+CoreDataProperties.swift */ = {isa = PBXFileReference; fileEncoding = 4; lastKnownFileType = sourcecode.swift; path = "Customer+CoreDataProperties.swift"; sourceTree = "<group>"; };
		900EE0C72000D303002E0443 /* Supplier+CoreDataClass.swift */ = {isa = PBXFileReference; fileEncoding = 4; lastKnownFileType = sourcecode.swift; path = "Supplier+CoreDataClass.swift"; sourceTree = "<group>"; };
		900EE0C82000D303002E0443 /* Supplier+CoreDataProperties.swift */ = {isa = PBXFileReference; fileEncoding = 4; lastKnownFileType = sourcecode.swift; path = "Supplier+CoreDataProperties.swift"; sourceTree = "<group>"; };
		900EE0CA2000D303002E0443 /* OrderDetails+CoreDataProperties.swift */ = {isa = PBXFileReference; fileEncoding = 4; lastKnownFileType = sourcecode.swift; path = "OrderDetails+CoreDataProperties.swift"; sourceTree = "<group>"; };
		900EE0CB2000D303002E0443 /* OrderDetails+CoreDataClass.swift */ = {isa = PBXFileReference; fileEncoding = 4; lastKnownFileType = sourcecode.swift; path = "OrderDetails+CoreDataClass.swift"; sourceTree = "<group>"; };
		900EE0CD2000D303002E0443 /* Order+CoreDataProperties.swift */ = {isa = PBXFileReference; fileEncoding = 4; lastKnownFileType = sourcecode.swift; path = "Order+CoreDataProperties.swift"; sourceTree = "<group>"; };
		900EE0CE2000D303002E0443 /* Order+CoreDataClass.swift */ = {isa = PBXFileReference; fileEncoding = 4; lastKnownFileType = sourcecode.swift; path = "Order+CoreDataClass.swift"; sourceTree = "<group>"; };
		900EE0D02000D303002E0443 /* Shipper+CoreDataClass.swift */ = {isa = PBXFileReference; fileEncoding = 4; lastKnownFileType = sourcecode.swift; path = "Shipper+CoreDataClass.swift"; sourceTree = "<group>"; };
		900EE0D12000D303002E0443 /* Shipper+CoreDataProperties.swift */ = {isa = PBXFileReference; fileEncoding = 4; lastKnownFileType = sourcecode.swift; path = "Shipper+CoreDataProperties.swift"; sourceTree = "<group>"; };
		900EE0D32000D304002E0443 /* Region+CoreDataProperties.swift */ = {isa = PBXFileReference; fileEncoding = 4; lastKnownFileType = sourcecode.swift; path = "Region+CoreDataProperties.swift"; sourceTree = "<group>"; };
		900EE0D42000D304002E0443 /* Region+CoreDataClass.swift */ = {isa = PBXFileReference; fileEncoding = 4; lastKnownFileType = sourcecode.swift; path = "Region+CoreDataClass.swift"; sourceTree = "<group>"; };
		900EE0D62000D304002E0443 /* Territory+CoreDataProperties.swift */ = {isa = PBXFileReference; fileEncoding = 4; lastKnownFileType = sourcecode.swift; path = "Territory+CoreDataProperties.swift"; sourceTree = "<group>"; };
		900EE0D72000D304002E0443 /* Territory+CoreDataClass.swift */ = {isa = PBXFileReference; fileEncoding = 4; lastKnownFileType = sourcecode.swift; path = "Territory+CoreDataClass.swift"; sourceTree = "<group>"; };
		900EE0E42000D851002E0443 /* ItemEditViewController.swift */ = {isa = PBXFileReference; lastKnownFileType = sourcecode.swift; path = ItemEditViewController.swift; sourceTree = "<group>"; };
		900EE0E62001025F002E0443 /* TextEditTableViewCell.swift */ = {isa = PBXFileReference; lastKnownFileType = sourcecode.swift; path = TextEditTableViewCell.swift; sourceTree = "<group>"; };
		900EE0E72001025F002E0443 /* TextEditTableViewCell.xib */ = {isa = PBXFileReference; lastKnownFileType = file.xib; path = TextEditTableViewCell.xib; sourceTree = "<group>"; };
		900EE0EB20010ED7002E0443 /* SingleRelationshipTableViewCell.swift */ = {isa = PBXFileReference; lastKnownFileType = sourcecode.swift; path = SingleRelationshipTableViewCell.swift; sourceTree = "<group>"; };
		900EE0EC20010ED7002E0443 /* SingleRelationshipTableViewCell.xib */ = {isa = PBXFileReference; lastKnownFileType = file.xib; path = SingleRelationshipTableViewCell.xib; sourceTree = "<group>"; };
		9048D6A020022D4600089E01 /* BoolEditTableViewCell.swift */ = {isa = PBXFileReference; lastKnownFileType = sourcecode.swift; path = BoolEditTableViewCell.swift; sourceTree = "<group>"; };
		9048D6A120022D4600089E01 /* BoolEditTableViewCell.xib */ = {isa = PBXFileReference; lastKnownFileType = file.xib; path = BoolEditTableViewCell.xib; sourceTree = "<group>"; };
		9048D6A420022EEE00089E01 /* NumberEditTableViewCell.swift */ = {isa = PBXFileReference; lastKnownFileType = sourcecode.swift; path = NumberEditTableViewCell.swift; sourceTree = "<group>"; };
		9048D6A520022EEE00089E01 /* NumberEditTableViewCell.xib */ = {isa = PBXFileReference; lastKnownFileType = file.xib; path = NumberEditTableViewCell.xib; sourceTree = "<group>"; };
		909BE2372011387500012D28 /* PhotoTableViewCell.swift */ = {isa = PBXFileReference; lastKnownFileType = sourcecode.swift; path = PhotoTableViewCell.swift; sourceTree = "<group>"; };
		909BE2382011387500012D28 /* PhotoTableViewCell.xib */ = {isa = PBXFileReference; lastKnownFileType = file.xib; path = PhotoTableViewCell.xib; sourceTree = "<group>"; };
		909BE23B2011545400012D28 /* UIFont+Defined.swift */ = {isa = PBXFileReference; lastKnownFileType = sourcecode.swift; path = "UIFont+Defined.swift"; sourceTree = "<group>"; };
		90E297E51F9B36BD00193B1F /* Northwind.app */ = {isa = PBXFileReference; explicitFileType = wrapper.application; includeInIndex = 0; path = Northwind.app; sourceTree = BUILT_PRODUCTS_DIR; };
		90E297E81F9B36BD00193B1F /* AppDelegate.swift */ = {isa = PBXFileReference; lastKnownFileType = sourcecode.swift; path = AppDelegate.swift; sourceTree = "<group>"; };
		90E297EA1F9B36BD00193B1F /* ViewController.swift */ = {isa = PBXFileReference; lastKnownFileType = sourcecode.swift; path = ViewController.swift; sourceTree = "<group>"; };
		90E297ED1F9B36BD00193B1F /* Base */ = {isa = PBXFileReference; lastKnownFileType = file.storyboard; name = Base; path = Base.lproj/Main.storyboard; sourceTree = "<group>"; };
		90E297F01F9B36BD00193B1F /* Northwind.xcdatamodel */ = {isa = PBXFileReference; lastKnownFileType = wrapper.xcdatamodel; path = Northwind.xcdatamodel; sourceTree = "<group>"; };
		90E297F21F9B36BD00193B1F /* Assets.xcassets */ = {isa = PBXFileReference; lastKnownFileType = folder.assetcatalog; path = Assets.xcassets; sourceTree = "<group>"; };
		90E297F51F9B36BD00193B1F /* Base */ = {isa = PBXFileReference; lastKnownFileType = file.storyboard; name = Base; path = Base.lproj/LaunchScreen.storyboard; sourceTree = "<group>"; };
		90E297F71F9B36BD00193B1F /* Info.plist */ = {isa = PBXFileReference; lastKnownFileType = text.plist.xml; path = Info.plist; sourceTree = "<group>"; };
		90E89C852000CB23002F10BE /* UIStoryboard+Utils.swift */ = {isa = PBXFileReference; lastKnownFileType = sourcecode.swift; path = "UIStoryboard+Utils.swift"; sourceTree = "<group>"; };
		90E89C882000CB9B002F10BE /* Protocols.swift */ = {isa = PBXFileReference; lastKnownFileType = sourcecode.swift; path = Protocols.swift; sourceTree = "<group>"; };
		90F51D201FE47536003AC266 /* ObjectPickerViewController.swift */ = {isa = PBXFileReference; lastKnownFileType = sourcecode.swift; path = ObjectPickerViewController.swift; sourceTree = "<group>"; };
/* End PBXFileReference section */

/* Begin PBXFrameworksBuildPhase section */
		90E297E21F9B36BD00193B1F /* Frameworks */ = {
			isa = PBXFrameworksBuildPhase;
			buildActionMask = 2147483647;
			files = (
			);
			runOnlyForDeploymentPostprocessing = 0;
		};
/* End PBXFrameworksBuildPhase section */

/* Begin PBXGroup section */
		1D3AD7401FE1E010005F6DE3 /* Model */ = {
			isa = PBXGroup;
			children = (
				900447DB200EBAB8008AE70F /* NWObject */,
				900EE0CC2000D303002E0443 /* Order */,
				900EE0C92000D303002E0443 /* OrderDetails */,
				900EE0D22000D304002E0443 /* Region */,
				900EE0CF2000D303002E0443 /* Shipper */,
				900EE0C62000D303002E0443 /* Supplier */,
				900EE0D52000D304002E0443 /* Territory */,
				900EE0BF2000D2F2002E0443 /* Customer */,
				900EE0BC2000D2F2002E0443 /* CustomerDemographic */,
				900EE0AD2000D208002E0443 /* Employee */,
				1DF22A7D1FE4803D00A12744 /* Category */,
				1D3AD7411FE1E016005F6DE3 /* Product */,
			);
			path = Model;
			sourceTree = "<group>";
		};
		1D3AD7411FE1E016005F6DE3 /* Product */ = {
			isa = PBXGroup;
			children = (
				1D3AD73D1FE1DFD1005F6DE3 /* Product+CoreDataProperties.swift */,
				1D3AD73C1FE1DFD1005F6DE3 /* Product.swift */,
			);
			path = Product;
			sourceTree = "<group>";
		};
		1D3AD7421FE1E056005F6DE3 /* Views */ = {
			isa = PBXGroup;
			children = (
				1D682C691FE077160090CEB0 /* ProductCell.swift */,
				1D682C6A1FE077160090CEB0 /* ProductCell.xib */,
				900EE0EA20010263002E0443 /* Cells */,
			);
			path = Views;
			sourceTree = "<group>";
		};
		1D3AD7431FE1E05C005F6DE3 /* Controllers */ = {
			isa = PBXGroup;
			children = (
				90E297EA1F9B36BD00193B1F /* ViewController.swift */,
				1D682C671FE074BE0090CEB0 /* ObjectsListViewController.swift */,
				1DF22A771FE4800000A12744 /* CategoriesTableViewController.swift */,
				1D682C751FE08F5C0090CEB0 /* ProductDetailsVC.swift */,
				1DF22A821FE52F2700A12744 /* CategoryDetailsVC.swift */,
				90F51D201FE47536003AC266 /* ObjectPickerViewController.swift */,
				900EE0E42000D851002E0443 /* ItemEditViewController.swift */,
				900447B7200E9B29008AE70F /* TypesListViewController.swift */,
			);
			path = Controllers;
			sourceTree = "<group>";
		};
		1DF22A7D1FE4803D00A12744 /* Category */ = {
			isa = PBXGroup;
			children = (
				1DF22A7F1FE4806800A12744 /* Category+CoreDataProperties.swift */,
				1DF22A7E1FE4806800A12744 /* Category.swift */,
			);
			name = Category;
			path = "New Group";
			sourceTree = "<group>";
		};
		900447BB200EB12F008AE70F /* Resources */ = {
			isa = PBXGroup;
			children = (
				900447C0200EB12F008AE70F /* products.csv */,
				900447BF200EB12F008AE70F /* regions.csv */,
				900447BE200EB12F008AE70F /* categories.csv */,
				900447C5200EB12F008AE70F /* territories.csv */,
				900447C6200EB12F008AE70F /* employees.csv */,
				900447BC200EB12F008AE70F /* order-details.csv */,
				900447BD200EB12F008AE70F /* customers.csv */,
				900447C1200EB12F008AE70F /* orders.csv */,
				900447C2200EB12F008AE70F /* suppliers.csv */,
				900447C4200EB12F008AE70F /* shippers.csv */,
				900447C3200EB12F008AE70F /* employee-territories.csv */,
			);
			path = Resources;
			sourceTree = "<group>";
		};
		900447DB200EBAB8008AE70F /* NWObject */ = {
			isa = PBXGroup;
			children = (
				900447D8200EBAB4008AE70F /* NWObject+CoreDataProperties.swift */,
				900447D7200EBAB4008AE70F /* NWObject+CoreDataClass.swift */,
			);
			path = NWObject;
			sourceTree = "<group>";
		};
		900EE0AD2000D208002E0443 /* Employee */ = {
			isa = PBXGroup;
			children = (
				900EE0AE2000D208002E0443 /* Employee+CoreDataProperties.swift */,
				900EE0AF2000D208002E0443 /* Employee+CoreDataClass.swift */,
			);
			path = Employee;
			sourceTree = "<group>";
		};
		900EE0BC2000D2F2002E0443 /* CustomerDemographic */ = {
			isa = PBXGroup;
			children = (
				900EE0BE2000D2F2002E0443 /* CustomerDemographic+CoreDataProperties.swift */,
				900EE0BD2000D2F2002E0443 /* CustomerDemographic+CoreDataClass.swift */,
			);
			path = CustomerDemographic;
			sourceTree = "<group>";
		};
		900EE0BF2000D2F2002E0443 /* Customer */ = {
			isa = PBXGroup;
			children = (
				900EE0C12000D2F2002E0443 /* Customer+CoreDataProperties.swift */,
				900EE0C02000D2F2002E0443 /* Customer+CoreDataClass.swift */,
			);
			path = Customer;
			sourceTree = "<group>";
		};
		900EE0C62000D303002E0443 /* Supplier */ = {
			isa = PBXGroup;
			children = (
				900EE0C82000D303002E0443 /* Supplier+CoreDataProperties.swift */,
				900EE0C72000D303002E0443 /* Supplier+CoreDataClass.swift */,
			);
			path = Supplier;
			sourceTree = "<group>";
		};
		900EE0C92000D303002E0443 /* OrderDetails */ = {
			isa = PBXGroup;
			children = (
				900EE0CA2000D303002E0443 /* OrderDetails+CoreDataProperties.swift */,
				900EE0CB2000D303002E0443 /* OrderDetails+CoreDataClass.swift */,
			);
			path = OrderDetails;
			sourceTree = "<group>";
		};
		900EE0CC2000D303002E0443 /* Order */ = {
			isa = PBXGroup;
			children = (
				900EE0CD2000D303002E0443 /* Order+CoreDataProperties.swift */,
				900EE0CE2000D303002E0443 /* Order+CoreDataClass.swift */,
			);
			path = Order;
			sourceTree = "<group>";
		};
		900EE0CF2000D303002E0443 /* Shipper */ = {
			isa = PBXGroup;
			children = (
				900EE0D12000D303002E0443 /* Shipper+CoreDataProperties.swift */,
				900EE0D02000D303002E0443 /* Shipper+CoreDataClass.swift */,
			);
			path = Shipper;
			sourceTree = "<group>";
		};
		900EE0D22000D304002E0443 /* Region */ = {
			isa = PBXGroup;
			children = (
				900EE0D32000D304002E0443 /* Region+CoreDataProperties.swift */,
				900EE0D42000D304002E0443 /* Region+CoreDataClass.swift */,
			);
			path = Region;
			sourceTree = "<group>";
		};
		900EE0D52000D304002E0443 /* Territory */ = {
			isa = PBXGroup;
			children = (
				900EE0D62000D304002E0443 /* Territory+CoreDataProperties.swift */,
				900EE0D72000D304002E0443 /* Territory+CoreDataClass.swift */,
			);
			path = Territory;
			sourceTree = "<group>";
		};
		900EE0EA20010263002E0443 /* Cells */ = {
			isa = PBXGroup;
			children = (
				900EE0E62001025F002E0443 /* TextEditTableViewCell.swift */,
				900EE0E72001025F002E0443 /* TextEditTableViewCell.xib */,
				900EE0EB20010ED7002E0443 /* SingleRelationshipTableViewCell.swift */,
				900EE0EC20010ED7002E0443 /* SingleRelationshipTableViewCell.xib */,
				9048D6A020022D4600089E01 /* BoolEditTableViewCell.swift */,
				9048D6A120022D4600089E01 /* BoolEditTableViewCell.xib */,
				9048D6A420022EEE00089E01 /* NumberEditTableViewCell.swift */,
				9048D6A520022EEE00089E01 /* NumberEditTableViewCell.xib */,
				909BE2372011387500012D28 /* PhotoTableViewCell.swift */,
				909BE2382011387500012D28 /* PhotoTableViewCell.xib */,
			);
			path = Cells;
			sourceTree = "<group>";
		};
		90E297DC1F9B36BC00193B1F = {
			isa = PBXGroup;
			children = (
				90E297E71F9B36BD00193B1F /* Northwind */,
				90E297E61F9B36BD00193B1F /* Products */,
			);
			sourceTree = "<group>";
		};
		90E297E61F9B36BD00193B1F /* Products */ = {
			isa = PBXGroup;
			children = (
				90E297E51F9B36BD00193B1F /* Northwind.app */,
			);
			name = Products;
			sourceTree = "<group>";
		};
		90E297E71F9B36BD00193B1F /* Northwind */ = {
			isa = PBXGroup;
			children = (
				90E297E81F9B36BD00193B1F /* AppDelegate.swift */,
				1D3AD7401FE1E010005F6DE3 /* Model */,
				1D3AD7431FE1E05C005F6DE3 /* Controllers */,
				1D3AD7421FE1E056005F6DE3 /* Views */,
				90E89C872000CB28002F10BE /* Utils */,
				90E297EC1F9B36BD00193B1F /* Main.storyboard */,
				90E297F21F9B36BD00193B1F /* Assets.xcassets */,
				90E297F41F9B36BD00193B1F /* LaunchScreen.storyboard */,
				90E297F71F9B36BD00193B1F /* Info.plist */,
				90E297EF1F9B36BD00193B1F /* Northwind.xcdatamodeld */,
				900447BB200EB12F008AE70F /* Resources */,
			);
			path = Northwind;
			sourceTree = "<group>";
		};
		90E89C872000CB28002F10BE /* Utils */ = {
			isa = PBXGroup;
			children = (
				90E89C852000CB23002F10BE /* UIStoryboard+Utils.swift */,
				909BE23B2011545400012D28 /* UIFont+Defined.swift */,
				90E89C882000CB9B002F10BE /* Protocols.swift */,
				900447B9200EB0F2008AE70F /* Importer.swift */,
			);
			path = Utils;
			sourceTree = "<group>";
		};
/* End PBXGroup section */

/* Begin PBXNativeTarget section */
		90E297E41F9B36BD00193B1F /* Northwind */ = {
			isa = PBXNativeTarget;
			buildConfigurationList = 90E297FA1F9B36BD00193B1F /* Build configuration list for PBXNativeTarget "Northwind" */;
			buildPhases = (
				90E297E11F9B36BD00193B1F /* Sources */,
				90E297E21F9B36BD00193B1F /* Frameworks */,
				90E297E31F9B36BD00193B1F /* Resources */,
			);
			buildRules = (
			);
			dependencies = (
			);
			name = Northwind;
			productName = Northwind;
			productReference = 90E297E51F9B36BD00193B1F /* Northwind.app */;
			productType = "com.apple.product-type.application";
		};
/* End PBXNativeTarget section */

/* Begin PBXProject section */
		90E297DD1F9B36BC00193B1F /* Project object */ = {
			isa = PBXProject;
			attributes = {
				LastSwiftUpdateCheck = 0900;
				LastUpgradeCheck = 0900;
				TargetAttributes = {
					90E297E41F9B36BD00193B1F = {
						CreatedOnToolsVersion = 9.0;
						ProvisioningStyle = Automatic;
					};
				};
			};
			buildConfigurationList = 90E297E01F9B36BD00193B1F /* Build configuration list for PBXProject "Northwind" */;
			compatibilityVersion = "Xcode 8.0";
			developmentRegion = en;
			hasScannedForEncodings = 0;
			knownRegions = (
				en,
				Base,
			);
			mainGroup = 90E297DC1F9B36BC00193B1F;
			productRefGroup = 90E297E61F9B36BD00193B1F /* Products */;
			projectDirPath = "";
			projectRoot = "";
			targets = (
				90E297E41F9B36BD00193B1F /* Northwind */,
			);
		};
/* End PBXProject section */

/* Begin PBXResourcesBuildPhase section */
		90E297E31F9B36BD00193B1F /* Resources */ = {
			isa = PBXResourcesBuildPhase;
			buildActionMask = 2147483647;
			files = (
				90E297F61F9B36BD00193B1F /* LaunchScreen.storyboard in Resources */,
				900447C7200EB130008AE70F /* order-details.csv in Resources */,
				900EE0EE20010ED7002E0443 /* SingleRelationshipTableViewCell.xib in Resources */,
				1D682C6C1FE077160090CEB0 /* ProductCell.xib in Resources */,
				900447C8200EB130008AE70F /* customers.csv in Resources */,
				900447CD200EB130008AE70F /* suppliers.csv in Resources */,
				900447C9200EB130008AE70F /* categories.csv in Resources */,
				90E297F31F9B36BD00193B1F /* Assets.xcassets in Resources */,
				90E297EE1F9B36BD00193B1F /* Main.storyboard in Resources */,
				900447D1200EB130008AE70F /* employees.csv in Resources */,
				900447D0200EB130008AE70F /* territories.csv in Resources */,
				900447CA200EB130008AE70F /* regions.csv in Resources */,
				909BE23A2011387500012D28 /* PhotoTableViewCell.xib in Resources */,
				900447CC200EB130008AE70F /* orders.csv in Resources */,
				900447CF200EB130008AE70F /* shippers.csv in Resources */,
				900447CE200EB130008AE70F /* employee-territories.csv in Resources */,
				9048D6A320022D4600089E01 /* BoolEditTableViewCell.xib in Resources */,
				9048D6A720022EEE00089E01 /* NumberEditTableViewCell.xib in Resources */,
				900EE0E92001025F002E0443 /* TextEditTableViewCell.xib in Resources */,
				900447CB200EB130008AE70F /* products.csv in Resources */,
			);
			runOnlyForDeploymentPostprocessing = 0;
		};
/* End PBXResourcesBuildPhase section */

/* Begin PBXSourcesBuildPhase section */
		90E297E11F9B36BD00193B1F /* Sources */ = {
			isa = PBXSourcesBuildPhase;
			buildActionMask = 2147483647;
			files = (
				900447B8200E9B29008AE70F /* TypesListViewController.swift in Sources */,
				9048D6A620022EEE00089E01 /* NumberEditTableViewCell.swift in Sources */,
				900EE0B72000D208002E0443 /* Employee+CoreDataClass.swift in Sources */,
				90E89C892000CB9B002F10BE /* Protocols.swift in Sources */,
				1D682C761FE08F5C0090CEB0 /* ProductDetailsVC.swift in Sources */,
				900EE0ED20010ED7002E0443 /* SingleRelationshipTableViewCell.swift in Sources */,
				909BE23C2011545400012D28 /* UIFont+Defined.swift in Sources */,
				90E297EB1F9B36BD00193B1F /* ViewController.swift in Sources */,
				1DF22A801FE4806800A12744 /* Category.swift in Sources */,
				900EE0C42000D2F3002E0443 /* Customer+CoreDataClass.swift in Sources */,
				900EE0E32000D304002E0443 /* Territory+CoreDataClass.swift in Sources */,
				900EE0DC2000D304002E0443 /* Order+CoreDataProperties.swift in Sources */,
				9048D6A220022D4600089E01 /* BoolEditTableViewCell.swift in Sources */,
				900EE0DD2000D304002E0443 /* Order+CoreDataClass.swift in Sources */,
				900EE0D92000D304002E0443 /* Supplier+CoreDataProperties.swift in Sources */,
				1D682C681FE074BE0090CEB0 /* ObjectsListViewController.swift in Sources */,
				900EE0E52000D851002E0443 /* ItemEditViewController.swift in Sources */,
				900EE0DF2000D304002E0443 /* Shipper+CoreDataProperties.swift in Sources */,
				900447DA200EBAB4008AE70F /* NWObject+CoreDataProperties.swift in Sources */,
				900EE0B62000D208002E0443 /* Employee+CoreDataProperties.swift in Sources */,
				1D3AD73E1FE1DFD1005F6DE3 /* Product.swift in Sources */,
				1D682C6B1FE077160090CEB0 /* ProductCell.swift in Sources */,
				900EE0DE2000D304002E0443 /* Shipper+CoreDataClass.swift in Sources */,
				900EE0E02000D304002E0443 /* Region+CoreDataProperties.swift in Sources */,
				90F51D211FE47536003AC266 /* ObjectPickerViewController.swift in Sources */,
				900EE0C52000D2F3002E0443 /* Customer+CoreDataProperties.swift in Sources */,
				900EE0DA2000D304002E0443 /* OrderDetails+CoreDataProperties.swift in Sources */,
				900EE0DB2000D304002E0443 /* OrderDetails+CoreDataClass.swift in Sources */,
				1DF22A811FE4806800A12744 /* Category+CoreDataProperties.swift in Sources */,
				900EE0C22000D2F3002E0443 /* CustomerDemographic+CoreDataClass.swift in Sources */,
				90E89C862000CB23002F10BE /* UIStoryboard+Utils.swift in Sources */,
				1DF22A831FE52F2700A12744 /* CategoryDetailsVC.swift in Sources */,
				900EE0C32000D2F3002E0443 /* CustomerDemographic+CoreDataProperties.swift in Sources */,
				900EE0D82000D304002E0443 /* Supplier+CoreDataClass.swift in Sources */,
				90E297E91F9B36BD00193B1F /* AppDelegate.swift in Sources */,
				909BE2392011387500012D28 /* PhotoTableViewCell.swift in Sources */,
				900EE0E82001025F002E0443 /* TextEditTableViewCell.swift in Sources */,
				1D3AD73F1FE1DFD1005F6DE3 /* Product+CoreDataProperties.swift in Sources */,
				900447BA200EB0F2008AE70F /* Importer.swift in Sources */,
				900447D9200EBAB4008AE70F /* NWObject+CoreDataClass.swift in Sources */,
				900EE0E22000D304002E0443 /* Territory+CoreDataProperties.swift in Sources */,
				90E297F11F9B36BD00193B1F /* Northwind.xcdatamodeld in Sources */,
				1DF22A781FE4800000A12744 /* CategoriesTableViewController.swift in Sources */,
				900EE0E12000D304002E0443 /* Region+CoreDataClass.swift in Sources */,
			);
			runOnlyForDeploymentPostprocessing = 0;
		};
/* End PBXSourcesBuildPhase section */

/* Begin PBXVariantGroup section */
		90E297EC1F9B36BD00193B1F /* Main.storyboard */ = {
			isa = PBXVariantGroup;
			children = (
				90E297ED1F9B36BD00193B1F /* Base */,
			);
			name = Main.storyboard;
			sourceTree = "<group>";
		};
		90E297F41F9B36BD00193B1F /* LaunchScreen.storyboard */ = {
			isa = PBXVariantGroup;
			children = (
				90E297F51F9B36BD00193B1F /* Base */,
			);
			name = LaunchScreen.storyboard;
			sourceTree = "<group>";
		};
/* End PBXVariantGroup section */

/* Begin XCBuildConfiguration section */
		90E297F81F9B36BD00193B1F /* Debug */ = {
			isa = XCBuildConfiguration;
			buildSettings = {
				ALWAYS_SEARCH_USER_PATHS = NO;
				CLANG_ANALYZER_NONNULL = YES;
				CLANG_ANALYZER_NUMBER_OBJECT_CONVERSION = YES_AGGRESSIVE;
				CLANG_CXX_LANGUAGE_STANDARD = "gnu++14";
				CLANG_CXX_LIBRARY = "libc++";
				CLANG_ENABLE_MODULES = YES;
				CLANG_ENABLE_OBJC_ARC = YES;
				CLANG_WARN_BLOCK_CAPTURE_AUTORELEASING = YES;
				CLANG_WARN_BOOL_CONVERSION = YES;
				CLANG_WARN_COMMA = YES;
				CLANG_WARN_CONSTANT_CONVERSION = YES;
				CLANG_WARN_DIRECT_OBJC_ISA_USAGE = YES_ERROR;
				CLANG_WARN_DOCUMENTATION_COMMENTS = YES;
				CLANG_WARN_EMPTY_BODY = YES;
				CLANG_WARN_ENUM_CONVERSION = YES;
				CLANG_WARN_INFINITE_RECURSION = YES;
				CLANG_WARN_INT_CONVERSION = YES;
				CLANG_WARN_NON_LITERAL_NULL_CONVERSION = YES;
				CLANG_WARN_OBJC_LITERAL_CONVERSION = YES;
				CLANG_WARN_OBJC_ROOT_CLASS = YES_ERROR;
				CLANG_WARN_RANGE_LOOP_ANALYSIS = YES;
				CLANG_WARN_STRICT_PROTOTYPES = YES;
				CLANG_WARN_SUSPICIOUS_MOVE = YES;
				CLANG_WARN_UNGUARDED_AVAILABILITY = YES_AGGRESSIVE;
				CLANG_WARN_UNREACHABLE_CODE = YES;
				CLANG_WARN__DUPLICATE_METHOD_MATCH = YES;
				CODE_SIGN_IDENTITY = "iPhone Developer";
				COPY_PHASE_STRIP = NO;
				DEBUG_INFORMATION_FORMAT = dwarf;
				ENABLE_STRICT_OBJC_MSGSEND = YES;
				ENABLE_TESTABILITY = YES;
				GCC_C_LANGUAGE_STANDARD = gnu11;
				GCC_DYNAMIC_NO_PIC = NO;
				GCC_NO_COMMON_BLOCKS = YES;
				GCC_OPTIMIZATION_LEVEL = 0;
				GCC_PREPROCESSOR_DEFINITIONS = (
					"DEBUG=1",
					"$(inherited)",
				);
				GCC_WARN_64_TO_32_BIT_CONVERSION = YES;
				GCC_WARN_ABOUT_RETURN_TYPE = YES_ERROR;
				GCC_WARN_UNDECLARED_SELECTOR = YES;
				GCC_WARN_UNINITIALIZED_AUTOS = YES_AGGRESSIVE;
				GCC_WARN_UNUSED_FUNCTION = YES;
				GCC_WARN_UNUSED_VARIABLE = YES;
				IPHONEOS_DEPLOYMENT_TARGET = 11.0;
				MTL_ENABLE_DEBUG_INFO = YES;
				ONLY_ACTIVE_ARCH = YES;
				SDKROOT = iphoneos;
				SWIFT_ACTIVE_COMPILATION_CONDITIONS = DEBUG;
				SWIFT_OPTIMIZATION_LEVEL = "-Onone";
			};
			name = Debug;
		};
		90E297F91F9B36BD00193B1F /* Release */ = {
			isa = XCBuildConfiguration;
			buildSettings = {
				ALWAYS_SEARCH_USER_PATHS = NO;
				CLANG_ANALYZER_NONNULL = YES;
				CLANG_ANALYZER_NUMBER_OBJECT_CONVERSION = YES_AGGRESSIVE;
				CLANG_CXX_LANGUAGE_STANDARD = "gnu++14";
				CLANG_CXX_LIBRARY = "libc++";
				CLANG_ENABLE_MODULES = YES;
				CLANG_ENABLE_OBJC_ARC = YES;
				CLANG_WARN_BLOCK_CAPTURE_AUTORELEASING = YES;
				CLANG_WARN_BOOL_CONVERSION = YES;
				CLANG_WARN_COMMA = YES;
				CLANG_WARN_CONSTANT_CONVERSION = YES;
				CLANG_WARN_DIRECT_OBJC_ISA_USAGE = YES_ERROR;
				CLANG_WARN_DOCUMENTATION_COMMENTS = YES;
				CLANG_WARN_EMPTY_BODY = YES;
				CLANG_WARN_ENUM_CONVERSION = YES;
				CLANG_WARN_INFINITE_RECURSION = YES;
				CLANG_WARN_INT_CONVERSION = YES;
				CLANG_WARN_NON_LITERAL_NULL_CONVERSION = YES;
				CLANG_WARN_OBJC_LITERAL_CONVERSION = YES;
				CLANG_WARN_OBJC_ROOT_CLASS = YES_ERROR;
				CLANG_WARN_RANGE_LOOP_ANALYSIS = YES;
				CLANG_WARN_STRICT_PROTOTYPES = YES;
				CLANG_WARN_SUSPICIOUS_MOVE = YES;
				CLANG_WARN_UNGUARDED_AVAILABILITY = YES_AGGRESSIVE;
				CLANG_WARN_UNREACHABLE_CODE = YES;
				CLANG_WARN__DUPLICATE_METHOD_MATCH = YES;
				CODE_SIGN_IDENTITY = "iPhone Developer";
				COPY_PHASE_STRIP = NO;
				DEBUG_INFORMATION_FORMAT = "dwarf-with-dsym";
				ENABLE_NS_ASSERTIONS = NO;
				ENABLE_STRICT_OBJC_MSGSEND = YES;
				GCC_C_LANGUAGE_STANDARD = gnu11;
				GCC_NO_COMMON_BLOCKS = YES;
				GCC_WARN_64_TO_32_BIT_CONVERSION = YES;
				GCC_WARN_ABOUT_RETURN_TYPE = YES_ERROR;
				GCC_WARN_UNDECLARED_SELECTOR = YES;
				GCC_WARN_UNINITIALIZED_AUTOS = YES_AGGRESSIVE;
				GCC_WARN_UNUSED_FUNCTION = YES;
				GCC_WARN_UNUSED_VARIABLE = YES;
				IPHONEOS_DEPLOYMENT_TARGET = 11.0;
				MTL_ENABLE_DEBUG_INFO = NO;
				SDKROOT = iphoneos;
				SWIFT_OPTIMIZATION_LEVEL = "-Owholemodule";
				VALIDATE_PRODUCT = YES;
			};
			name = Release;
		};
		90E297FB1F9B36BD00193B1F /* Debug */ = {
			isa = XCBuildConfiguration;
			buildSettings = {
				ASSETCATALOG_COMPILER_APPICON_NAME = AppIcon;
				CODE_SIGN_STYLE = Automatic;
				DEVELOPMENT_TEAM = A7B6W92B4H;
				INFOPLIST_FILE = Northwind/Info.plist;
				LD_RUNPATH_SEARCH_PATHS = "$(inherited) @executable_path/Frameworks";
				PRODUCT_BUNDLE_IDENTIFIER = com.folley.Northwind;
				PRODUCT_NAME = "$(TARGET_NAME)";
				SWIFT_VERSION = 4.0;
				TARGETED_DEVICE_FAMILY = "1,2";
			};
			name = Debug;
		};
		90E297FC1F9B36BD00193B1F /* Release */ = {
			isa = XCBuildConfiguration;
			buildSettings = {
				ASSETCATALOG_COMPILER_APPICON_NAME = AppIcon;
				CODE_SIGN_STYLE = Automatic;
				DEVELOPMENT_TEAM = A7B6W92B4H;
				INFOPLIST_FILE = Northwind/Info.plist;
				LD_RUNPATH_SEARCH_PATHS = "$(inherited) @executable_path/Frameworks";
				PRODUCT_BUNDLE_IDENTIFIER = com.folley.Northwind;
				PRODUCT_NAME = "$(TARGET_NAME)";
				SWIFT_VERSION = 4.0;
				TARGETED_DEVICE_FAMILY = "1,2";
			};
			name = Release;
		};
/* End XCBuildConfiguration section */

/* Begin XCConfigurationList section */
		90E297E01F9B36BD00193B1F /* Build configuration list for PBXProject "Northwind" */ = {
			isa = XCConfigurationList;
			buildConfigurations = (
				90E297F81F9B36BD00193B1F /* Debug */,
				90E297F91F9B36BD00193B1F /* Release */,
			);
			defaultConfigurationIsVisible = 0;
			defaultConfigurationName = Release;
		};
		90E297FA1F9B36BD00193B1F /* Build configuration list for PBXNativeTarget "Northwind" */ = {
			isa = XCConfigurationList;
			buildConfigurations = (
				90E297FB1F9B36BD00193B1F /* Debug */,
				90E297FC1F9B36BD00193B1F /* Release */,
			);
			defaultConfigurationIsVisible = 0;
			defaultConfigurationName = Release;
		};
/* End XCConfigurationList section */

/* Begin XCVersionGroup section */
		90E297EF1F9B36BD00193B1F /* Northwind.xcdatamodeld */ = {
			isa = XCVersionGroup;
			children = (
				90E297F01F9B36BD00193B1F /* Northwind.xcdatamodel */,
			);
			currentVersion = 90E297F01F9B36BD00193B1F /* Northwind.xcdatamodel */;
			path = Northwind.xcdatamodeld;
			sourceTree = "<group>";
			versionGroupType = wrapper.xcdatamodel;
		};
/* End XCVersionGroup section */
	};
	rootObject = 90E297DD1F9B36BC00193B1F /* Project object */;
}
